{
  "requires": true,
  "lockfileVersion": 1,
  "dependencies": {
    "@aspnet/signalr": {
      "version": "1.0.0",
      "resolved": "https://registry.npmjs.org/@aspnet/signalr/-/signalr-1.0.0.tgz",
      "integrity": "sha512-7fXNdSTnp2y7a3i7BnvBpQpDEoG71DNq1J/Caowr+3v/nzGivnJApRg40VgBp6FlyeJqoBEQO/QuDPE0kTpczg=="
    },
    "lodash": {
      "version": "4.17.10",
      "resolved": "https://registry.npmjs.org/lodash/-/lodash-4.17.10.tgz",
      "integrity": "sha512-UejweD1pDoXu+AD825lWwp4ZGtSwgnpZxb3JDViD7StjQz+Nb/6l093lx4OQ0foGWNRoc19mWy7BzL+UAK2iVg=="
    },
    "vue": {
      "version": "2.5.16",
      "resolved": "https://registry.npmjs.org/vue/-/vue-2.5.16.tgz",
      "integrity": "sha512-/ffmsiVuPC8PsWcFkZngdpas19ABm5mh2wA7iDqcltyCTwlgZjHGeJYOXkBMo422iPwIcviOtrTCUpSfXmToLQ=="
    },
    "vue-json-tree-view": {
      "version": "2.1.4",
      "resolved": "https://registry.npmjs.org/vue-json-tree-view/-/vue-json-tree-view-2.1.4.tgz",
      "integrity": "sha512-Kn+x07oqnps3ojBQOplS1oAJheaO7Y8drNLN2pDnn7VWVMGVljuqrgamFAv1oqTsp/eWlbvtHJc81iSQ2gWSzw==",
      "requires": {
        "lodash": "^4.17.4",
        "vue": "^2.5.16"
      }
    }
  }
}
